
Microsoft Visual Studio Solution File, Format Version 12.00
# Visual Studio Version 17
VisualStudioVersion = 17.13.35828.75 d17.13
MinimumVisualStudioVersion = 10.0.40219.1
Project("{FAE04EC0-301F-11D3-BF4B-00C04F79EFBC}") = "InheritanceVINcode", "InheritanceVINcode\InheritanceVINcode.csproj", "{35A6F7C6-48BC-4E7B-BC6F-947EC07135B6}"
EndProject
Global
	GlobalSection(SolutionConfigurationPlatforms) = preSolution
		Debug|Any CPU = Debug|Any CPU
		Release|Any CPU = Release|Any CPU
	EndGlobalSection
	GlobalSection(ProjectConfigurationPlatforms) = postSolution
		{35A6F7C6-48BC-4E7B-BC6F-947EC07135B6}.Debug|Any CPU.ActiveCfg = Debug|Any CPU
		{35A6F7C6-48BC-4E7B-BC6F-947EC07135B6}.Debug|Any CPU.Build.0 = Debug|Any CPU
		{35A6F7C6-48BC-4E7B-BC6F-947EC07135B6}.Release|Any CPU.ActiveCfg = Release|Any CPU
		{35A6F7C6-48BC-4E7B-BC6F-947EC07135B6}.Release|Any CPU.Build.0 = Release|Any CPU
	EndGlobalSection
	GlobalSection(SolutionProperties) = preSolution
		HideSolutionNode = FALSE
	EndGlobalSection
	GlobalSection(ExtensibilityGlobals) = postSolution
		SolutionGuid = {B85E0930-E4F0-41F3-8AB3-FAECB473396B}
	EndGlobalSection
EndGlobal
