
Microsoft Visual Studio Solution File, Format Version 12.00
# Visual Studio Version 17
VisualStudioVersion = 17.13.35931.197 d17.13
MinimumVisualStudioVersion = 10.0.40219.1
Project("{FAE04EC0-301F-11D3-BF4B-00C04F79EFBC}") = "StrucktProject", "StrucktProject\StrucktProject.csproj", "{13BBFCF2-0EBC-4129-90B9-EDEEDB17E13D}"
EndProject
Global
	GlobalSection(SolutionConfigurationPlatforms) = preSolution
		Debug|Any CPU = Debug|Any CPU
		Release|Any CPU = Release|Any CPU
	EndGlobalSection
	GlobalSection(ProjectConfigurationPlatforms) = postSolution
		{13BBFCF2-0EBC-4129-90B9-EDEEDB17E13D}.Debug|Any CPU.ActiveCfg = Debug|Any CPU
		{13BBFCF2-0EBC-4129-90B9-EDEEDB17E13D}.Debug|Any CPU.Build.0 = Debug|Any CPU
		{13BBFCF2-0EBC-4129-90B9-EDEEDB17E13D}.Release|Any CPU.ActiveCfg = Release|Any CPU
		{13BBFCF2-0EBC-4129-90B9-EDEEDB17E13D}.Release|Any CPU.Build.0 = Release|Any CPU
	EndGlobalSection
	GlobalSection(SolutionProperties) = preSolution
		HideSolutionNode = FALSE
	EndGlobalSection
	GlobalSection(ExtensibilityGlobals) = postSolution
		SolutionGuid = {A13A97DB-F8F6-47C1-8947-1987C9058A96}
	EndGlobalSection
EndGlobal
