
Microsoft Visual Studio Solution File, Format Version 12.00
# Visual Studio Version 17
VisualStudioVersion = 17.13.35931.197 d17.13
MinimumVisualStudioVersion = 10.0.40219.1
Project("{FAE04EC0-301F-11D3-BF4B-00C04F79EFBC}") = "SortedListTuple", "SortedListTuple\SortedListTuple.csproj", "{FAB38FC2-77E1-449D-BA9E-1BD15C5D7FB8}"
EndProject
Global
	GlobalSection(SolutionConfigurationPlatforms) = preSolution
		Debug|Any CPU = Debug|Any CPU
		Release|Any CPU = Release|Any CPU
	EndGlobalSection
	GlobalSection(ProjectConfigurationPlatforms) = postSolution
		{FAB38FC2-77E1-449D-BA9E-1BD15C5D7FB8}.Debug|Any CPU.ActiveCfg = Debug|Any CPU
		{FAB38FC2-77E1-449D-BA9E-1BD15C5D7FB8}.Debug|Any CPU.Build.0 = Debug|Any CPU
		{FAB38FC2-77E1-449D-BA9E-1BD15C5D7FB8}.Release|Any CPU.ActiveCfg = Release|Any CPU
		{FAB38FC2-77E1-449D-BA9E-1BD15C5D7FB8}.Release|Any CPU.Build.0 = Release|Any CPU
	EndGlobalSection
	GlobalSection(SolutionProperties) = preSolution
		HideSolutionNode = FALSE
	EndGlobalSection
	GlobalSection(ExtensibilityGlobals) = postSolution
		SolutionGuid = {AF1818B1-7DA7-4BDF-B49E-511747E25AF7}
	EndGlobalSection
EndGlobal
